
Microsoft Visual Studio Solution File, Format Version 12.00
# Visual Studio 15
VisualStudioVersion = 15.0.28010.2048
MinimumVisualStudioVersion = 10.0.40219.1
Project("{FAE04EC0-301F-11D3-BF4B-00C04F79EFBC}") = "MondayAPIV2_BasicExample", "MondayAPIV2_BasicExample\MondayAPIV2_BasicExample.csproj", "{74A78E8B-2B83-40AD-A660-BA229310AD15}"
EndProject
Global
	GlobalSection(SolutionConfigurationPlatforms) = preSolution
		Debug|Any CPU = Debug|Any CPU
		Release|Any CPU = Release|Any CPU
	EndGlobalSection
	GlobalSection(ProjectConfigurationPlatforms) = postSolution
		{74A78E8B-2B83-40AD-A660-BA229310AD15}.Debug|Any CPU.ActiveCfg = Debug|Any CPU
		{74A78E8B-2B83-40AD-A660-BA229310AD15}.Debug|Any CPU.Build.0 = Debug|Any CPU
		{74A78E8B-2B83-40AD-A660-BA229310AD15}.Release|Any CPU.ActiveCfg = Release|Any CPU
		{74A78E8B-2B83-40AD-A660-BA229310AD15}.Release|Any CPU.Build.0 = Release|Any CPU
	EndGlobalSection
	GlobalSection(SolutionProperties) = preSolution
		HideSolutionNode = FALSE
	EndGlobalSection
	GlobalSection(ExtensibilityGlobals) = postSolution
		SolutionGuid = {0C2820D3-78AB-4966-AE73-65B676E43DAB}
	EndGlobalSection
EndGlobal
